github.com/gempir/go-twitch-irc/v4 v4.0.0 h1:sHVIvbWOv9nHXGEErilclxASv0AaQEr/r/f9C0B9aO8=
github.com/gempir/go-twitch-irc/v4 v4.0.0/go.mod h1:QsOMMAk470uxQ7EYD9GJBGAVqM/jDrXBNbuePfTauzg=
github.com/glotchimo/gleam v0.1.1 h1:6M2pQhDDUx/ycG3OyLuuSfDjpxsI3RSj6sm12w5rZPA=
github.com/glotchimo/gleam v0.1.1/go.mod h1:2nTvoQMtFdUNCCPnjpdmiO/U66wcfjH0Gi9TDtGf4+Y=
